// !$*UTF8*$!
{
	archiveVersion = 1;
	classes = {
	};
	objectVersion = 51;
	objects = {

/* Begin PBXBuildFile section */
		04315E76277F53B200C52338 /* AppDelegate.m in Sources */ = {isa = PBXBuildFile; fileRef = 04315E75277F53B200C52338 /* AppDelegate.m */; };
		04315E79277F53B200C52338 /* SceneDelegate.m in Sources */ = {isa = PBXBuildFile; fileRef = 04315E78277F53B200C52338 /* SceneDelegate.m */; };
		04315E7F277F53B200C52338 /* Main.storyboard in Resources */ = {isa = PBXBuildFile; fileRef = 04315E7D277F53B200C52338 /* Main.storyboard */; };
		04315E81277F53B600C52338 /* Assets.xcassets in Resources */ = {isa = PBXBuildFile; fileRef = 04315E80277F53B600C52338 /* Assets.xcassets */; };
		04315E84277F53B600C52338 /* LaunchScreen.storyboard in Resources */ = {isa = PBXBuildFile; fileRef = 04315E82277F53B600C52338 /* LaunchScreen.storyboard */; };
		04315E87277F53B600C52338 /* main.m in Sources */ = {isa = PBXBuildFile; fileRef = 04315E86277F53B600C52338 /* main.m */; };
		04315E91277F53B700C52338 /* PUKTests.m in Sources */ = {isa = PBXBuildFile; fileRef = 04315E90277F53B700C52338 /* PUKTests.m */; };
		04315E9C277F53B700C52338 /* PUKUITests.m in Sources */ = {isa = PBXBuildFile; fileRef = 04315E9B277F53B700C52338 /* PUKUITests.m */; };
		0446F55827B7EF4D00320478 /* fanhui111.png in Resources */ = {isa = PBXBuildFile; fileRef = 0446F55727B7EF4D00320478 /* fanhui111.png */; };
		049AA4E92795E53E00010AFB /* KidPhotoTableViewCell.m in Sources */ = {isa = PBXBuildFile; fileRef = 049AA4E82795E53E00010AFB /* KidPhotoTableViewCell.m */; };
		049AA4EF27988D0D00010AFB /* KidEmotionTableViewCell.m in Sources */ = {isa = PBXBuildFile; fileRef = 049AA4EE27988D0D00010AFB /* KidEmotionTableViewCell.m */; };
		254A0A92A1FA5AD660C2D027 /* libPods-PUK.a in Frameworks */ = {isa = PBXBuildFile; fileRef = 83A4772A28DC2159AF596994 /* libPods-PUK.a */; };
		BC9919F927AC479300473A8A /* SpecificEventViewController.m in Sources */ = {isa = PBXBuildFile; fileRef = BC9919F827AC479300473A8A /* SpecificEventViewController.m */; };
		BC9919FC27AC4C9700473A8A /* SpecificEventView.m in Sources */ = {isa = PBXBuildFile; fileRef = BC9919FB27AC4C9700473A8A /* SpecificEventView.m */; };
		BC9919FF27AC56E700473A8A /* ScanQRCodeViewController.m in Sources */ = {isa = PBXBuildFile; fileRef = BC9919FE27AC56E700473A8A /* ScanQRCodeViewController.m */; };
		BC991A0227AC623C00473A8A /* ConfirmNumericalCodeViewController.m in Sources */ = {isa = PBXBuildFile; fileRef = BC991A0127AC623C00473A8A /* ConfirmNumericalCodeViewController.m */; };
		BC991A0727AE3CF300473A8A /* BaseScanViewController.m in Sources */ = {isa = PBXBuildFile; fileRef = BC991A0627AE3CF300473A8A /* BaseScanViewController.m */; };
		BC991A0A27AE411900473A8A /* ScanQRCodeTool.m in Sources */ = {isa = PBXBuildFile; fileRef = BC991A0927AE411900473A8A /* ScanQRCodeTool.m */; };
		BC991A0D27AFAA8000473A8A /* PickerNameTableViewCell.m in Sources */ = {isa = PBXBuildFile; fileRef = BC991A0C27AFAA8000473A8A /* PickerNameTableViewCell.m */; };
		BC991A0F27AFAD8700473A8A /* pic10.jpg in Resources */ = {isa = PBXBuildFile; fileRef = BC991A0E27AFAD8600473A8A /* pic10.jpg */; };
		BC991A1527AFAD8F00473A8A /* pic2.jpg in Resources */ = {isa = PBXBuildFile; fileRef = BC991A1027AFAD8F00473A8A /* pic2.jpg */; };
		BC991A1627AFAD8F00473A8A /* pic4.jpg in Resources */ = {isa = PBXBuildFile; fileRef = BC991A1127AFAD8F00473A8A /* pic4.jpg */; };
		BC991A1727AFAD8F00473A8A /* pic5.jpg in Resources */ = {isa = PBXBuildFile; fileRef = BC991A1227AFAD8F00473A8A /* pic5.jpg */; };
		BC991A1827AFAD8F00473A8A /* pic3.jpg in Resources */ = {isa = PBXBuildFile; fileRef = BC991A1327AFAD8F00473A8A /* pic3.jpg */; };
		BC991A1927AFAD8F00473A8A /* pic1.jpg in Resources */ = {isa = PBXBuildFile; fileRef = BC991A1427AFAD8F00473A8A /* pic1.jpg */; };
		BC991A1E27AFAD9500473A8A /* zhankai.png in Resources */ = {isa = PBXBuildFile; fileRef = BC991A1A27AFAD9500473A8A /* zhankai.png */; };
		BC991A1F27AFAD9500473A8A /* arrow-right.png in Resources */ = {isa = PBXBuildFile; fileRef = BC991A1B27AFAD9500473A8A /* arrow-right.png */; };
		BC991A2027AFAD9500473A8A /* shouqi.png in Resources */ = {isa = PBXBuildFile; fileRef = BC991A1C27AFAD9500473A8A /* shouqi.png */; };
		BC991A2127AFAD9500473A8A /* laba.png in Resources */ = {isa = PBXBuildFile; fileRef = BC991A1D27AFAD9500473A8A /* laba.png */; };
		BC991A2427AFB03000473A8A /* PickerSettingView.m in Sources */ = {isa = PBXBuildFile; fileRef = BC991A2327AFB03000473A8A /* PickerSettingView.m */; };
		BC991A2727AFB0DA00473A8A /* SchoolInformationView.m in Sources */ = {isa = PBXBuildFile; fileRef = BC991A2627AFB0DA00473A8A /* SchoolInformationView.m */; };
		BC991A2A27AFB13F00473A8A /* SchoolInformationNewsTableViewCell.m in Sources */ = {isa = PBXBuildFile; fileRef = BC991A2927AFB13F00473A8A /* SchoolInformationNewsTableViewCell.m */; };
		BCB5B22C279BD948007B78E2 /* SignInView.m in Sources */ = {isa = PBXBuildFile; fileRef = BCB5B22B279BD948007B78E2 /* SignInView.m */; };
		BCB5B235279BDA1F007B78E2 /* SignInViewController.m in Sources */ = {isa = PBXBuildFile; fileRef = BCB5B234279BDA1F007B78E2 /* SignInViewController.m */; };
		BCB5B238279BDBA1007B78E2 /* SignUpView.m in Sources */ = {isa = PBXBuildFile; fileRef = BCB5B237279BDBA1007B78E2 /* SignUpView.m */; };
		BCB5B23B279BDDFD007B78E2 /* SignUpViewController.m in Sources */ = {isa = PBXBuildFile; fileRef = BCB5B23A279BDDFD007B78E2 /* SignUpViewController.m */; };
		BCB5B243279BF9E5007B78E2 /* EventHandlingViewController.m in Sources */ = {isa = PBXBuildFile; fileRef = BCB5B242279BF9E5007B78E2 /* EventHandlingViewController.m */; };
		BCB5B249279BFAA0007B78E2 /* EventCheckingViewController.m in Sources */ = {isa = PBXBuildFile; fileRef = BCB5B248279BFAA0007B78E2 /* EventCheckingViewController.m */; };
		BCB5B24C279BFC08007B78E2 /* EventHandlingView.m in Sources */ = {isa = PBXBuildFile; fileRef = BCB5B24B279BFC08007B78E2 /* EventHandlingView.m */; };
		BCB5B254279C002C007B78E2 /* PickerSettingViewController.m in Sources */ = {isa = PBXBuildFile; fileRef = BCB5B253279C002C007B78E2 /* PickerSettingViewController.m */; };
		BCB5B263279C0556007B78E2 /* KidStateCheckingViewController.m in Sources */ = {isa = PBXBuildFile; fileRef = BCB5B262279C0556007B78E2 /* KidStateCheckingViewController.m */; };
		BCB5B26A279C05B2007B78E2 /* EditingMenuViewController.m in Sources */ = {isa = PBXBuildFile; fileRef = BCB5B269279C05B2007B78E2 /* EditingMenuViewController.m */; };
		BCB5B270279C0674007B78E2 /* SchoolInformationViewController.m in Sources */ = {isa = PBXBuildFile; fileRef = BCB5B26F279C0674007B78E2 /* SchoolInformationViewController.m */; };
		BCB5B276279C06B0007B78E2 /* ParentSettingViewController.m in Sources */ = {isa = PBXBuildFile; fileRef = BCB5B275279C06B0007B78E2 /* ParentSettingViewController.m */; };
		BCB5B285279C0FD3007B78E2 /* KidStateEditingViewController.m in Sources */ = {isa = PBXBuildFile; fileRef = BCB5B284279C0FD3007B78E2 /* KidStateEditingViewController.m */; };
		BCB5B292279C7F54007B78E2 /* EventConfirmViewController.m in Sources */ = {isa = PBXBuildFile; fileRef = BCB5B291279C7F54007B78E2 /* EventConfirmViewController.m */; };
		BCB5B295279C7FCE007B78E2 /* SchoolInformationEditingViewController.m in Sources */ = {isa = PBXBuildFile; fileRef = BCB5B294279C7FCE007B78E2 /* SchoolInformationEditingViewController.m */; };
		BCB5B298279C7FE3007B78E2 /* TeacherSettingViewController.m in Sources */ = {isa = PBXBuildFile; fileRef = BCB5B297279C7FE3007B78E2 /* TeacherSettingViewController.m */; };
/* End PBXBuildFile section */

/* Begin PBXContainerItemProxy section */
		04315E8D277F53B700C52338 /* PBXContainerItemProxy */ = {
			isa = PBXContainerItemProxy;
			containerPortal = 04315E69277F53B200C52338 /* Project object */;
			proxyType = 1;
			remoteGlobalIDString = 04315E70277F53B200C52338;
			remoteInfo = PUK;
		};
		04315E98277F53B700C52338 /* PBXContainerItemProxy */ = {
			isa = PBXContainerItemProxy;
			containerPortal = 04315E69277F53B200C52338 /* Project object */;
			proxyType = 1;
			remoteGlobalIDString = 04315E70277F53B200C52338;
			remoteInfo = PUK;
		};
/* End PBXContainerItemProxy section */

/* Begin PBXFileReference section */
		04315E71277F53B200C52338 /* PUK.app */ = {isa = PBXFileReference; explicitFileType = wrapper.application; includeInIndex = 0; path = PUK.app; sourceTree = BUILT_PRODUCTS_DIR; };
		04315E74277F53B200C52338 /* AppDelegate.h */ = {isa = PBXFileReference; lastKnownFileType = sourcecode.c.h; path = AppDelegate.h; sourceTree = "<group>"; };
		04315E75277F53B200C52338 /* AppDelegate.m */ = {isa = PBXFileReference; lastKnownFileType = sourcecode.c.objc; path = AppDelegate.m; sourceTree = "<group>"; };
		04315E77277F53B200C52338 /* SceneDelegate.h */ = {isa = PBXFileReference; lastKnownFileType = sourcecode.c.h; path = SceneDelegate.h; sourceTree = "<group>"; };
		04315E78277F53B200C52338 /* SceneDelegate.m */ = {isa = PBXFileReference; lastKnownFileType = sourcecode.c.objc; path = SceneDelegate.m; sourceTree = "<group>"; };
		04315E7E277F53B200C52338 /* Base */ = {isa = PBXFileReference; lastKnownFileType = file.storyboard; name = Base; path = Base.lproj/Main.storyboard; sourceTree = "<group>"; };
		04315E80277F53B600C52338 /* Assets.xcassets */ = {isa = PBXFileReference; lastKnownFileType = folder.assetcatalog; path = Assets.xcassets; sourceTree = "<group>"; };
		04315E83277F53B600C52338 /* Base */ = {isa = PBXFileReference; lastKnownFileType = file.storyboard; name = Base; path = Base.lproj/LaunchScreen.storyboard; sourceTree = "<group>"; };
		04315E85277F53B600C52338 /* Info.plist */ = {isa = PBXFileReference; lastKnownFileType = text.plist.xml; path = Info.plist; sourceTree = "<group>"; };
		04315E86277F53B600C52338 /* main.m */ = {isa = PBXFileReference; lastKnownFileType = sourcecode.c.objc; path = main.m; sourceTree = "<group>"; };
		04315E8C277F53B700C52338 /* PUKTests.xctest */ = {isa = PBXFileReference; explicitFileType = wrapper.cfbundle; includeInIndex = 0; path = PUKTests.xctest; sourceTree = BUILT_PRODUCTS_DIR; };
		04315E90277F53B700C52338 /* PUKTests.m */ = {isa = PBXFileReference; lastKnownFileType = sourcecode.c.objc; path = PUKTests.m; sourceTree = "<group>"; };
		04315E92277F53B700C52338 /* Info.plist */ = {isa = PBXFileReference; lastKnownFileType = text.plist.xml; path = Info.plist; sourceTree = "<group>"; };
		04315E97277F53B700C52338 /* PUKUITests.xctest */ = {isa = PBXFileReference; explicitFileType = wrapper.cfbundle; includeInIndex = 0; path = PUKUITests.xctest; sourceTree = BUILT_PRODUCTS_DIR; };
		04315E9B277F53B700C52338 /* PUKUITests.m */ = {isa = PBXFileReference; lastKnownFileType = sourcecode.c.objc; path = PUKUITests.m; sourceTree = "<group>"; };
		04315E9D277F53B700C52338 /* Info.plist */ = {isa = PBXFileReference; lastKnownFileType = text.plist.xml; path = Info.plist; sourceTree = "<group>"; };
		0446F55727B7EF4D00320478 /* fanhui111.png */ = {isa = PBXFileReference; lastKnownFileType = image.png; path = fanhui111.png; sourceTree = "<group>"; };
		049AA4E72795E53E00010AFB /* KidPhotoTableViewCell.h */ = {isa = PBXFileReference; lastKnownFileType = sourcecode.c.h; path = KidPhotoTableViewCell.h; sourceTree = "<group>"; };
		049AA4E82795E53E00010AFB /* KidPhotoTableViewCell.m */ = {isa = PBXFileReference; lastKnownFileType = sourcecode.c.objc; path = KidPhotoTableViewCell.m; sourceTree = "<group>"; };
		049AA4ED27988D0D00010AFB /* KidEmotionTableViewCell.h */ = {isa = PBXFileReference; lastKnownFileType = sourcecode.c.h; path = KidEmotionTableViewCell.h; sourceTree = "<group>"; };
		049AA4EE27988D0D00010AFB /* KidEmotionTableViewCell.m */ = {isa = PBXFileReference; lastKnownFileType = sourcecode.c.objc; path = KidEmotionTableViewCell.m; sourceTree = "<group>"; };
		1B4C29C7948AD71EE9718D5B /* Pods-PUK.debug.xcconfig */ = {isa = PBXFileReference; includeInIndex = 1; lastKnownFileType = text.xcconfig; name = "Pods-PUK.debug.xcconfig"; path = "Target Support Files/Pods-PUK/Pods-PUK.debug.xcconfig"; sourceTree = "<group>"; };
		83A4772A28DC2159AF596994 /* libPods-PUK.a */ = {isa = PBXFileReference; explicitFileType = archive.ar; includeInIndex = 0; path = "libPods-PUK.a"; sourceTree = BUILT_PRODUCTS_DIR; };
		BC9919F727AC479300473A8A /* SpecificEventViewController.h */ = {isa = PBXFileReference; lastKnownFileType = sourcecode.c.h; path = SpecificEventViewController.h; sourceTree = "<group>"; };
		BC9919F827AC479300473A8A /* SpecificEventViewController.m */ = {isa = PBXFileReference; lastKnownFileType = sourcecode.c.objc; path = SpecificEventViewController.m; sourceTree = "<group>"; };
		BC9919FA27AC4C9700473A8A /* SpecificEventView.h */ = {isa = PBXFileReference; lastKnownFileType = sourcecode.c.h; path = SpecificEventView.h; sourceTree = "<group>"; };
		BC9919FB27AC4C9700473A8A /* SpecificEventView.m */ = {isa = PBXFileReference; lastKnownFileType = sourcecode.c.objc; path = SpecificEventView.m; sourceTree = "<group>"; };
		BC9919FD27AC56E700473A8A /* ScanQRCodeViewController.h */ = {isa = PBXFileReference; lastKnownFileType = sourcecode.c.h; path = ScanQRCodeViewController.h; sourceTree = "<group>"; };
		BC9919FE27AC56E700473A8A /* ScanQRCodeViewController.m */ = {isa = PBXFileReference; lastKnownFileType = sourcecode.c.objc; path = ScanQRCodeViewController.m; sourceTree = "<group>"; };
		BC991A0027AC623C00473A8A /* ConfirmNumericalCodeViewController.h */ = {isa = PBXFileReference; lastKnownFileType = sourcecode.c.h; path = ConfirmNumericalCodeViewController.h; sourceTree = "<group>"; };
		BC991A0127AC623C00473A8A /* ConfirmNumericalCodeViewController.m */ = {isa = PBXFileReference; lastKnownFileType = sourcecode.c.objc; path = ConfirmNumericalCodeViewController.m; sourceTree = "<group>"; };
		BC991A0527AE3CF300473A8A /* BaseScanViewController.h */ = {isa = PBXFileReference; lastKnownFileType = sourcecode.c.h; path = BaseScanViewController.h; sourceTree = "<group>"; };
		BC991A0627AE3CF300473A8A /* BaseScanViewController.m */ = {isa = PBXFileReference; lastKnownFileType = sourcecode.c.objc; path = BaseScanViewController.m; sourceTree = "<group>"; };
		BC991A0827AE411900473A8A /* ScanQRCodeTool.h */ = {isa = PBXFileReference; lastKnownFileType = sourcecode.c.h; path = ScanQRCodeTool.h; sourceTree = "<group>"; };
		BC991A0927AE411900473A8A /* ScanQRCodeTool.m */ = {isa = PBXFileReference; lastKnownFileType = sourcecode.c.objc; path = ScanQRCodeTool.m; sourceTree = "<group>"; };
		BC991A0B27AFAA8000473A8A /* PickerNameTableViewCell.h */ = {isa = PBXFileReference; lastKnownFileType = sourcecode.c.h; path = PickerNameTableViewCell.h; sourceTree = "<group>"; };
		BC991A0C27AFAA8000473A8A /* PickerNameTableViewCell.m */ = {isa = PBXFileReference; lastKnownFileType = sourcecode.c.objc; path = PickerNameTableViewCell.m; sourceTree = "<group>"; };
		BC991A0E27AFAD8600473A8A /* pic10.jpg */ = {isa = PBXFileReference; lastKnownFileType = image.jpeg; path = pic10.jpg; sourceTree = "<group>"; };
		BC991A1027AFAD8F00473A8A /* pic2.jpg */ = {isa = PBXFileReference; lastKnownFileType = image.jpeg; path = pic2.jpg; sourceTree = "<group>"; };
		BC991A1127AFAD8F00473A8A /* pic4.jpg */ = {isa = PBXFileReference; lastKnownFileType = image.jpeg; path = pic4.jpg; sourceTree = "<group>"; };
		BC991A1227AFAD8F00473A8A /* pic5.jpg */ = {isa = PBXFileReference; lastKnownFileType = image.jpeg; path = pic5.jpg; sourceTree = "<group>"; };
		BC991A1327AFAD8F00473A8A /* pic3.jpg */ = {isa = PBXFileReference; lastKnownFileType = image.jpeg; path = pic3.jpg; sourceTree = "<group>"; };
		BC991A1427AFAD8F00473A8A /* pic1.jpg */ = {isa = PBXFileReference; lastKnownFileType = image.jpeg; path = pic1.jpg; sourceTree = "<group>"; };
		BC991A1A27AFAD9500473A8A /* zhankai.png */ = {isa = PBXFileReference; lastKnownFileType = image.png; path = zhankai.png; sourceTree = "<group>"; };
		BC991A1B27AFAD9500473A8A /* arrow-right.png */ = {isa = PBXFileReference; lastKnownFileType = image.png; path = "arrow-right.png"; sourceTree = "<group>"; };
		BC991A1C27AFAD9500473A8A /* shouqi.png */ = {isa = PBXFileReference; lastKnownFileType = image.png; path = shouqi.png; sourceTree = "<group>"; };
		BC991A1D27AFAD9500473A8A /* laba.png */ = {isa = PBXFileReference; lastKnownFileType = image.png; path = laba.png; sourceTree = "<group>"; };
		BC991A2227AFB03000473A8A /* PickerSettingView.h */ = {isa = PBXFileReference; lastKnownFileType = sourcecode.c.h; path = PickerSettingView.h; sourceTree = "<group>"; };
		BC991A2327AFB03000473A8A /* PickerSettingView.m */ = {isa = PBXFileReference; lastKnownFileType = sourcecode.c.objc; path = PickerSettingView.m; sourceTree = "<group>"; };
		BC991A2527AFB0DA00473A8A /* SchoolInformationView.h */ = {isa = PBXFileReference; lastKnownFileType = sourcecode.c.h; path = SchoolInformationView.h; sourceTree = "<group>"; };
		BC991A2627AFB0DA00473A8A /* SchoolInformationView.m */ = {isa = PBXFileReference; lastKnownFileType = sourcecode.c.objc; path = SchoolInformationView.m; sourceTree = "<group>"; };
		BC991A2827AFB13F00473A8A /* SchoolInformationNewsTableViewCell.h */ = {isa = PBXFileReference; lastKnownFileType = sourcecode.c.h; path = SchoolInformationNewsTableViewCell.h; sourceTree = "<group>"; };
		BC991A2927AFB13F00473A8A /* SchoolInformationNewsTableViewCell.m */ = {isa = PBXFileReference; lastKnownFileType = sourcecode.c.objc; path = SchoolInformationNewsTableViewCell.m; sourceTree = "<group>"; };
		BCB5B22A279BD948007B78E2 /* SignInView.h */ = {isa = PBXFileReference; lastKnownFileType = sourcecode.c.h; path = SignInView.h; sourceTree = "<group>"; };
		BCB5B22B279BD948007B78E2 /* SignInView.m */ = {isa = PBXFileReference; lastKnownFileType = sourcecode.c.objc; path = SignInView.m; sourceTree = "<group>"; };
		BCB5B233279BDA1F007B78E2 /* SignInViewController.h */ = {isa = PBXFileReference; lastKnownFileType = sourcecode.c.h; path = SignInViewController.h; sourceTree = "<group>"; };
		BCB5B234279BDA1F007B78E2 /* SignInViewController.m */ = {isa = PBXFileReference; lastKnownFileType = sourcecode.c.objc; path = SignInViewController.m; sourceTree = "<group>"; };
		BCB5B236279BDBA1007B78E2 /* SignUpView.h */ = {isa = PBXFileReference; lastKnownFileType = sourcecode.c.h; path = SignUpView.h; sourceTree = "<group>"; };
		BCB5B237279BDBA1007B78E2 /* SignUpView.m */ = {isa = PBXFileReference; lastKnownFileType = sourcecode.c.objc; path = SignUpView.m; sourceTree = "<group>"; };
		BCB5B239279BDDFD007B78E2 /* SignUpViewController.h */ = {isa = PBXFileReference; lastKnownFileType = sourcecode.c.h; path = SignUpViewController.h; sourceTree = "<group>"; };
		BCB5B23A279BDDFD007B78E2 /* SignUpViewController.m */ = {isa = PBXFileReference; lastKnownFileType = sourcecode.c.objc; path = SignUpViewController.m; sourceTree = "<group>"; };
		BCB5B241279BF9E5007B78E2 /* EventHandlingViewController.h */ = {isa = PBXFileReference; lastKnownFileType = sourcecode.c.h; path = EventHandlingViewController.h; sourceTree = "<group>"; };
		BCB5B242279BF9E5007B78E2 /* EventHandlingViewController.m */ = {isa = PBXFileReference; lastKnownFileType = sourcecode.c.objc; path = EventHandlingViewController.m; sourceTree = "<group>"; };
		BCB5B247279BFAA0007B78E2 /* EventCheckingViewController.h */ = {isa = PBXFileReference; lastKnownFileType = sourcecode.c.h; path = EventCheckingViewController.h; sourceTree = "<group>"; };
		BCB5B248279BFAA0007B78E2 /* EventCheckingViewController.m */ = {isa = PBXFileReference; lastKnownFileType = sourcecode.c.objc; path = EventCheckingViewController.m; sourceTree = "<group>"; };
		BCB5B24A279BFC08007B78E2 /* EventHandlingView.h */ = {isa = PBXFileReference; lastKnownFileType = sourcecode.c.h; path = EventHandlingView.h; sourceTree = "<group>"; };
		BCB5B24B279BFC08007B78E2 /* EventHandlingView.m */ = {isa = PBXFileReference; lastKnownFileType = sourcecode.c.objc; path = EventHandlingView.m; sourceTree = "<group>"; };
		BCB5B252279C002C007B78E2 /* PickerSettingViewController.h */ = {isa = PBXFileReference; lastKnownFileType = sourcecode.c.h; path = PickerSettingViewController.h; sourceTree = "<group>"; };
		BCB5B253279C002C007B78E2 /* PickerSettingViewController.m */ = {isa = PBXFileReference; lastKnownFileType = sourcecode.c.objc; path = PickerSettingViewController.m; sourceTree = "<group>"; };
		BCB5B261279C0556007B78E2 /* KidStateCheckingViewController.h */ = {isa = PBXFileReference; lastKnownFileType = sourcecode.c.h; path = KidStateCheckingViewController.h; sourceTree = "<group>"; };
		BCB5B262279C0556007B78E2 /* KidStateCheckingViewController.m */ = {isa = PBXFileReference; lastKnownFileType = sourcecode.c.objc; path = KidStateCheckingViewController.m; sourceTree = "<group>"; };
		BCB5B268279C05B2007B78E2 /* EditingMenuViewController.h */ = {isa = PBXFileReference; lastKnownFileType = sourcecode.c.h; path = EditingMenuViewController.h; sourceTree = "<group>"; };
		BCB5B269279C05B2007B78E2 /* EditingMenuViewController.m */ = {isa = PBXFileReference; lastKnownFileType = sourcecode.c.objc; path = EditingMenuViewController.m; sourceTree = "<group>"; };
		BCB5B26E279C0674007B78E2 /* SchoolInformationViewController.h */ = {isa = PBXFileReference; lastKnownFileType = sourcecode.c.h; path = SchoolInformationViewController.h; sourceTree = "<group>"; };
		BCB5B26F279C0674007B78E2 /* SchoolInformationViewController.m */ = {isa = PBXFileReference; lastKnownFileType = sourcecode.c.objc; path = SchoolInformationViewController.m; sourceTree = "<group>"; };
		BCB5B274279C06B0007B78E2 /* ParentSettingViewController.h */ = {isa = PBXFileReference; lastKnownFileType = sourcecode.c.h; path = ParentSettingViewController.h; sourceTree = "<group>"; };
		BCB5B275279C06B0007B78E2 /* ParentSettingViewController.m */ = {isa = PBXFileReference; lastKnownFileType = sourcecode.c.objc; path = ParentSettingViewController.m; sourceTree = "<group>"; };
		BCB5B283279C0FD3007B78E2 /* KidStateEditingViewController.h */ = {isa = PBXFileReference; lastKnownFileType = sourcecode.c.h; path = KidStateEditingViewController.h; sourceTree = "<group>"; };
		BCB5B284279C0FD3007B78E2 /* KidStateEditingViewController.m */ = {isa = PBXFileReference; lastKnownFileType = sourcecode.c.objc; path = KidStateEditingViewController.m; sourceTree = "<group>"; };
		BCB5B290279C7F54007B78E2 /* EventConfirmViewController.h */ = {isa = PBXFileReference; lastKnownFileType = sourcecode.c.h; path = EventConfirmViewController.h; sourceTree = "<group>"; };
		BCB5B291279C7F54007B78E2 /* EventConfirmViewController.m */ = {isa = PBXFileReference; lastKnownFileType = sourcecode.c.objc; path = EventConfirmViewController.m; sourceTree = "<group>"; };
		BCB5B293279C7FCE007B78E2 /* SchoolInformationEditingViewController.h */ = {isa = PBXFileReference; lastKnownFileType = sourcecode.c.h; path = SchoolInformationEditingViewController.h; sourceTree = "<group>"; };
		BCB5B294279C7FCE007B78E2 /* SchoolInformationEditingViewController.m */ = {isa = PBXFileReference; lastKnownFileType = sourcecode.c.objc; path = SchoolInformationEditingViewController.m; sourceTree = "<group>"; };
		BCB5B296279C7FE3007B78E2 /* TeacherSettingViewController.h */ = {isa = PBXFileReference; lastKnownFileType = sourcecode.c.h; path = TeacherSettingViewController.h; sourceTree = "<group>"; };
		BCB5B297279C7FE3007B78E2 /* TeacherSettingViewController.m */ = {isa = PBXFileReference; lastKnownFileType = sourcecode.c.objc; path = TeacherSettingViewController.m; sourceTree = "<group>"; };
		ED84FFA4E8A4DCD3B7B93B83 /* Pods-PUK.release.xcconfig */ = {isa = PBXFileReference; includeInIndex = 1; lastKnownFileType = text.xcconfig; name = "Pods-PUK.release.xcconfig"; path = "Target Support Files/Pods-PUK/Pods-PUK.release.xcconfig"; sourceTree = "<group>"; };
/* End PBXFileReference section */

/* Begin PBXFrameworksBuildPhase section */
		04315E6E277F53B200C52338 /* Frameworks */ = {
			isa = PBXFrameworksBuildPhase;
			buildActionMask = 2147483647;
			files = (
				254A0A92A1FA5AD660C2D027 /* libPods-PUK.a in Frameworks */,
			);
			runOnlyForDeploymentPostprocessing = 0;
		};
		04315E89277F53B700C52338 /* Frameworks */ = {
			isa = PBXFrameworksBuildPhase;
			buildActionMask = 2147483647;
			files = (
			);
			runOnlyForDeploymentPostprocessing = 0;
		};
		04315E94277F53B700C52338 /* Frameworks */ = {
			isa = PBXFrameworksBuildPhase;
			buildActionMask = 2147483647;
			files = (
			);
			runOnlyForDeploymentPostprocessing = 0;
		};
/* End PBXFrameworksBuildPhase section */

/* Begin PBXGroup section */
		04315E68277F53B200C52338 = {
			isa = PBXGroup;
			children = (
				04315E73277F53B200C52338 /* PUK */,
				04315E8F277F53B700C52338 /* PUKTests */,
				04315E9A277F53B700C52338 /* PUKUITests */,
				04315E72277F53B200C52338 /* Products */,
				9C5C02CA4AD0A8D2031F982C /* Pods */,
				22BA1296A2479DABA1666CE0 /* Frameworks */,
			);
			sourceTree = "<group>";
		};
		04315E72277F53B200C52338 /* Products */ = {
			isa = PBXGroup;
			children = (
				04315E71277F53B200C52338 /* PUK.app */,
				04315E8C277F53B700C52338 /* PUKTests.xctest */,
				04315E97277F53B700C52338 /* PUKUITests.xctest */,
			);
			name = Products;
			sourceTree = "<group>";
		};
		04315E73277F53B200C52338 /* PUK */ = {
			isa = PBXGroup;
			children = (
				BCB5B21F279BD0BF007B78E2 /* Resource */,
				BCB5B224279BD69E007B78E2 /* Login */,
				BCB5B222279BD611007B78E2 /* Picker */,
				BCB5B221279BD2B8007B78E2 /* Parent */,
				BCB5B223279BD615007B78E2 /* Teacher */,
				04315E74277F53B200C52338 /* AppDelegate.h */,
				04315E75277F53B200C52338 /* AppDelegate.m */,
				04315E77277F53B200C52338 /* SceneDelegate.h */,
				04315E78277F53B200C52338 /* SceneDelegate.m */,
				04315E7D277F53B200C52338 /* Main.storyboard */,
				04315E80277F53B600C52338 /* Assets.xcassets */,
				04315E82277F53B600C52338 /* LaunchScreen.storyboard */,
				04315E85277F53B600C52338 /* Info.plist */,
				04315E86277F53B600C52338 /* main.m */,
			);
			path = PUK;
			sourceTree = "<group>";
		};
		04315E8F277F53B700C52338 /* PUKTests */ = {
			isa = PBXGroup;
			children = (
				04315E90277F53B700C52338 /* PUKTests.m */,
				04315E92277F53B700C52338 /* Info.plist */,
			);
			path = PUKTests;
			sourceTree = "<group>";
		};
		04315E9A277F53B700C52338 /* PUKUITests */ = {
			isa = PBXGroup;
			children = (
				04315E9B277F53B700C52338 /* PUKUITests.m */,
				04315E9D277F53B700C52338 /* Info.plist */,
			);
			path = PUKUITests;
			sourceTree = "<group>";
		};
		22BA1296A2479DABA1666CE0 /* Frameworks */ = {
			isa = PBXGroup;
			children = (
				83A4772A28DC2159AF596994 /* libPods-PUK.a */,
			);
			name = Frameworks;
			sourceTree = "<group>";
		};
		9C5C02CA4AD0A8D2031F982C /* Pods */ = {
			isa = PBXGroup;
			children = (
				1B4C29C7948AD71EE9718D5B /* Pods-PUK.debug.xcconfig */,
				ED84FFA4E8A4DCD3B7B93B83 /* Pods-PUK.release.xcconfig */,
			);
			path = Pods;
			sourceTree = "<group>";
		};
		BCB5B21F279BD0BF007B78E2 /* Resource */ = {
			isa = PBXGroup;
			children = (
				BCB5B29A279C86AB007B78E2 /* Login */,
				BCB5B29B279C86B3007B78E2 /* Picker */,
				BCB5B29C279C86B8007B78E2 /* Parent */,
				BCB5B29D279C86BC007B78E2 /* Teacher */,
			);
			path = Resource;
			sourceTree = "<group>";
		};
		BCB5B221279BD2B8007B78E2 /* Parent */ = {
			isa = PBXGroup;
			children = (
				BCB5B24D279BFF6E007B78E2 /* KidStateChecking */,
				BCB5B255279C031F007B78E2 /* PickUpEventEditing */,
				BCB5B25B279C047F007B78E2 /* SchoolInformation */,
				BCB5B25A279C046F007B78E2 /* Setting */,
			);
			path = Parent;
			sourceTree = "<group>";
		};
		BCB5B222279BD611007B78E2 /* Picker */ = {
			isa = PBXGroup;
			children = (
				BCB5B23D279BF8A7007B78E2 /* EventHandling */,
				BCB5B23C279BF804007B78E2 /* EventChecking */,
				BCB5B24E279BFFDC007B78E2 /* Setting */,
			);
			path = Picker;
			sourceTree = "<group>";
		};
		BCB5B223279BD615007B78E2 /* Teacher */ = {
			isa = PBXGroup;
			children = (
				BCB5B27C279C0C7C007B78E2 /* KidStateEditing */,
				BCB5B27E279C0E98007B78E2 /* PickUpEvent */,
				BCB5B27B279C0C67007B78E2 /* SchoolInformation */,
				BCB5B27A279C0C31007B78E2 /* Setting */,
			);
			path = Teacher;
			sourceTree = "<group>";
		};
		BCB5B224279BD69E007B78E2 /* Login */ = {
			isa = PBXGroup;
			children = (
				BCB5B226279BD6B8007B78E2 /* SignUp */,
				BCB5B225279BD6AF007B78E2 /* SignIn */,
			);
			path = Login;
			sourceTree = "<group>";
		};
		BCB5B225279BD6AF007B78E2 /* SignIn */ = {
			isa = PBXGroup;
			children = (
				BCB5B232279BD9CF007B78E2 /* Model */,
				BCB5B231279BD9C9007B78E2 /* View */,
				BCB5B230279BD9B8007B78E2 /* Controller */,
			);
			path = SignIn;
			sourceTree = "<group>";
		};
		BCB5B226279BD6B8007B78E2 /* SignUp */ = {
			isa = PBXGroup;
			children = (
				BCB5B227279BD881007B78E2 /* Model */,
				BCB5B228279BD887007B78E2 /* View */,
				BCB5B229279BD891007B78E2 /* Controller */,
			);
			path = SignUp;
			sourceTree = "<group>";
		};
		BCB5B227279BD881007B78E2 /* Model */ = {
			isa = PBXGroup;
			children = (
			);
			path = Model;
			sourceTree = "<group>";
		};
		BCB5B228279BD887007B78E2 /* View */ = {
			isa = PBXGroup;
			children = (
				BCB5B236279BDBA1007B78E2 /* SignUpView.h */,
				BCB5B237279BDBA1007B78E2 /* SignUpView.m */,
			);
			path = View;
			sourceTree = "<group>";
		};
		BCB5B229279BD891007B78E2 /* Controller */ = {
			isa = PBXGroup;
			children = (
				BCB5B239279BDDFD007B78E2 /* SignUpViewController.h */,
				BCB5B23A279BDDFD007B78E2 /* SignUpViewController.m */,
			);
			path = Controller;
			sourceTree = "<group>";
		};
		BCB5B230279BD9B8007B78E2 /* Controller */ = {
			isa = PBXGroup;
			children = (
				BCB5B233279BDA1F007B78E2 /* SignInViewController.h */,
				BCB5B234279BDA1F007B78E2 /* SignInViewController.m */,
			);
			path = Controller;
			sourceTree = "<group>";
		};
		BCB5B231279BD9C9007B78E2 /* View */ = {
			isa = PBXGroup;
			children = (
				BCB5B22A279BD948007B78E2 /* SignInView.h */,
				BCB5B22B279BD948007B78E2 /* SignInView.m */,
			);
			path = View;
			sourceTree = "<group>";
		};
		BCB5B232279BD9CF007B78E2 /* Model */ = {
			isa = PBXGroup;
			children = (
			);
			path = Model;
			sourceTree = "<group>";
		};
		BCB5B23C279BF804007B78E2 /* EventChecking */ = {
			isa = PBXGroup;
			children = (
				BCB5B246279BFA8C007B78E2 /* Model */,
				BCB5B245279BFA88007B78E2 /* View */,
				BCB5B244279BFA81007B78E2 /* Controller */,
			);
			path = EventChecking;
			sourceTree = "<group>";
		};
		BCB5B23D279BF8A7007B78E2 /* EventHandling */ = {
			isa = PBXGroup;
			children = (
				BCB5B240279BF9B2007B78E2 /* Model */,
				BCB5B23F279BF9AD007B78E2 /* View */,
				BCB5B23E279BF9A1007B78E2 /* Controller */,
			);
			path = EventHandling;
			sourceTree = "<group>";
		};
		BCB5B23E279BF9A1007B78E2 /* Controller */ = {
			isa = PBXGroup;
			children = (
				BCB5B241279BF9E5007B78E2 /* EventHandlingViewController.h */,
				BCB5B242279BF9E5007B78E2 /* EventHandlingViewController.m */,
				BC9919F727AC479300473A8A /* SpecificEventViewController.h */,
				BC9919F827AC479300473A8A /* SpecificEventViewController.m */,
				BC991A0527AE3CF300473A8A /* BaseScanViewController.h */,
				BC991A0627AE3CF300473A8A /* BaseScanViewController.m */,
				BC9919FD27AC56E700473A8A /* ScanQRCodeViewController.h */,
				BC9919FE27AC56E700473A8A /* ScanQRCodeViewController.m */,
				BC991A0027AC623C00473A8A /* ConfirmNumericalCodeViewController.h */,
				BC991A0127AC623C00473A8A /* ConfirmNumericalCodeViewController.m */,
			);
			path = Controller;
			sourceTree = "<group>";
		};
		BCB5B23F279BF9AD007B78E2 /* View */ = {
			isa = PBXGroup;
			children = (
				BCB5B24A279BFC08007B78E2 /* EventHandlingView.h */,
				BCB5B24B279BFC08007B78E2 /* EventHandlingView.m */,
				049AA4E72795E53E00010AFB /* KidPhotoTableViewCell.h */,
				049AA4E82795E53E00010AFB /* KidPhotoTableViewCell.m */,
				049AA4ED27988D0D00010AFB /* KidEmotionTableViewCell.h */,
				049AA4EE27988D0D00010AFB /* KidEmotionTableViewCell.m */,
				BC991A0B27AFAA8000473A8A /* PickerNameTableViewCell.h */,
				BC991A0C27AFAA8000473A8A /* PickerNameTableViewCell.m */,
				BC9919FA27AC4C9700473A8A /* SpecificEventView.h */,
				BC9919FB27AC4C9700473A8A /* SpecificEventView.m */,
			);
			path = View;
			sourceTree = "<group>";
		};
		BCB5B240279BF9B2007B78E2 /* Model */ = {
			isa = PBXGroup;
			children = (
				BC991A0827AE411900473A8A /* ScanQRCodeTool.h */,
				BC991A0927AE411900473A8A /* ScanQRCodeTool.m */,
			);
			path = Model;
			sourceTree = "<group>";
		};
		BCB5B244279BFA81007B78E2 /* Controller */ = {
			isa = PBXGroup;
			children = (
				BCB5B247279BFAA0007B78E2 /* EventCheckingViewController.h */,
				BCB5B248279BFAA0007B78E2 /* EventCheckingViewController.m */,
			);
			path = Controller;
			sourceTree = "<group>";
		};
		BCB5B245279BFA88007B78E2 /* View */ = {
			isa = PBXGroup;
			children = (
			);
			path = View;
			sourceTree = "<group>";
		};
		BCB5B246279BFA8C007B78E2 /* Model */ = {
			isa = PBXGroup;
			children = (
			);
			path = Model;
			sourceTree = "<group>";
		};
		BCB5B24D279BFF6E007B78E2 /* KidStateChecking */ = {
			isa = PBXGroup;
			children = (
				BCB5B260279C0532007B78E2 /* Model */,
				BCB5B25F279C052B007B78E2 /* View */,
				BCB5B25E279C0521007B78E2 /* Controller */,
			);
			path = KidStateChecking;
			sourceTree = "<group>";
		};
		BCB5B24E279BFFDC007B78E2 /* Setting */ = {
			isa = PBXGroup;
			children = (
				BCB5B251279C000A007B78E2 /* Model */,
				BCB5B250279C0006007B78E2 /* View */,
				BCB5B24F279BFFFD007B78E2 /* Controller */,
			);
			path = Setting;
			sourceTree = "<group>";
		};
		BCB5B24F279BFFFD007B78E2 /* Controller */ = {
			isa = PBXGroup;
			children = (
				BCB5B252279C002C007B78E2 /* PickerSettingViewController.h */,
				BCB5B253279C002C007B78E2 /* PickerSettingViewController.m */,
			);
			path = Controller;
			sourceTree = "<group>";
		};
		BCB5B250279C0006007B78E2 /* View */ = {
			isa = PBXGroup;
			children = (
				BC991A2227AFB03000473A8A /* PickerSettingView.h */,
				BC991A2327AFB03000473A8A /* PickerSettingView.m */,
			);
			path = View;
			sourceTree = "<group>";
		};
		BCB5B251279C000A007B78E2 /* Model */ = {
			isa = PBXGroup;
			children = (
			);
			path = Model;
			sourceTree = "<group>";
		};
		BCB5B255279C031F007B78E2 /* PickUpEventEditing */ = {
			isa = PBXGroup;
			children = (
				BCB5B264279C056D007B78E2 /* Menu */,
				BCB5B257279C03B9007B78E2 /* Order */,
				BCB5B256279C03A9007B78E2 /* Check */,
				BCB5B258279C03C2007B78E2 /* Modify */,
			);
			path = PickUpEventEditing;
			sourceTree = "<group>";
		};
		BCB5B256279C03A9007B78E2 /* Check */ = {
			isa = PBXGroup;
			children = (
			);
			path = Check;
			sourceTree = "<group>";
		};
		BCB5B257279C03B9007B78E2 /* Order */ = {
			isa = PBXGroup;
			children = (
			);
			path = Order;
			sourceTree = "<group>";
		};
		BCB5B258279C03C2007B78E2 /* Modify */ = {
			isa = PBXGroup;
			children = (
			);
			path = Modify;
			sourceTree = "<group>";
		};
		BCB5B25A279C046F007B78E2 /* Setting */ = {
			isa = PBXGroup;
			children = (
				BCB5B273279C068D007B78E2 /* Model */,
				BCB5B272279C0688007B78E2 /* View */,
				BCB5B271279C0682007B78E2 /* Controller */,
			);
			path = Setting;
			sourceTree = "<group>";
		};
		BCB5B25B279C047F007B78E2 /* SchoolInformation */ = {
			isa = PBXGroup;
			children = (
				BCB5B26D279C05DE007B78E2 /* Model */,
				BCB5B26C279C05D6007B78E2 /* View */,
				BCB5B26B279C05CC007B78E2 /* Controller */,
			);
			path = SchoolInformation;
			sourceTree = "<group>";
		};
		BCB5B25E279C0521007B78E2 /* Controller */ = {
			isa = PBXGroup;
			children = (
				BCB5B261279C0556007B78E2 /* KidStateCheckingViewController.h */,
				BCB5B262279C0556007B78E2 /* KidStateCheckingViewController.m */,
			);
			path = Controller;
			sourceTree = "<group>";
		};
		BCB5B25F279C052B007B78E2 /* View */ = {
			isa = PBXGroup;
			children = (
			);
			path = View;
			sourceTree = "<group>";
		};
		BCB5B260279C0532007B78E2 /* Model */ = {
			isa = PBXGroup;
			children = (
			);
			path = Model;
			sourceTree = "<group>";
		};
		BCB5B264279C056D007B78E2 /* Menu */ = {
			isa = PBXGroup;
			children = (
				BCB5B267279C0586007B78E2 /* Model */,
				BCB5B266279C0582007B78E2 /* View */,
				BCB5B265279C0577007B78E2 /* Controller */,
			);
			path = Menu;
			sourceTree = "<group>";
		};
		BCB5B265279C0577007B78E2 /* Controller */ = {
			isa = PBXGroup;
			children = (
				BCB5B268279C05B2007B78E2 /* EditingMenuViewController.h */,
				BCB5B269279C05B2007B78E2 /* EditingMenuViewController.m */,
			);
			path = Controller;
			sourceTree = "<group>";
		};
		BCB5B266279C0582007B78E2 /* View */ = {
			isa = PBXGroup;
			children = (
			);
			path = View;
			sourceTree = "<group>";
		};
		BCB5B267279C0586007B78E2 /* Model */ = {
			isa = PBXGroup;
			children = (
			);
			path = Model;
			sourceTree = "<group>";
		};
		BCB5B26B279C05CC007B78E2 /* Controller */ = {
			isa = PBXGroup;
			children = (
				BCB5B26E279C0674007B78E2 /* SchoolInformationViewController.h */,
				BCB5B26F279C0674007B78E2 /* SchoolInformationViewController.m */,
			);
			path = Controller;
			sourceTree = "<group>";
		};
		BCB5B26C279C05D6007B78E2 /* View */ = {
			isa = PBXGroup;
			children = (
				BC991A2527AFB0DA00473A8A /* SchoolInformationView.h */,
				BC991A2627AFB0DA00473A8A /* SchoolInformationView.m */,
				BC991A2827AFB13F00473A8A /* SchoolInformationNewsTableViewCell.h */,
				BC991A2927AFB13F00473A8A /* SchoolInformationNewsTableViewCell.m */,
			);
			path = View;
			sourceTree = "<group>";
		};
		BCB5B26D279C05DE007B78E2 /* Model */ = {
			isa = PBXGroup;
			children = (
			);
			path = Model;
			sourceTree = "<group>";
		};
		BCB5B271279C0682007B78E2 /* Controller */ = {
			isa = PBXGroup;
			children = (
				BCB5B274279C06B0007B78E2 /* ParentSettingViewController.h */,
				BCB5B275279C06B0007B78E2 /* ParentSettingViewController.m */,
			);
			path = Controller;
			sourceTree = "<group>";
		};
		BCB5B272279C0688007B78E2 /* View */ = {
			isa = PBXGroup;
			children = (
			);
			path = View;
			sourceTree = "<group>";
		};
		BCB5B273279C068D007B78E2 /* Model */ = {
			isa = PBXGroup;
			children = (
			);
			path = Model;
			sourceTree = "<group>";
		};
		BCB5B27A279C0C31007B78E2 /* Setting */ = {
			isa = PBXGroup;
			children = (
				BCB5B28F279C7EF2007B78E2 /* Model */,
				BCB5B28E279C7EED007B78E2 /* View */,
				BCB5B28D279C7ED8007B78E2 /* Controller */,
			);
			path = Setting;
			sourceTree = "<group>";
		};
		BCB5B27B279C0C67007B78E2 /* SchoolInformation */ = {
			isa = PBXGroup;
			children = (
				BCB5B28C279C7ED2007B78E2 /* Model */,
				BCB5B28B279C7ECD007B78E2 /* View */,
				BCB5B28A279C7EC3007B78E2 /* Controller */,
			);
			path = SchoolInformation;
			sourceTree = "<group>";
		};
		BCB5B27C279C0C7C007B78E2 /* KidStateEditing */ = {
			isa = PBXGroup;
			children = (
				BCB5B282279C0F53007B78E2 /* Model */,
				BCB5B281279C0F4E007B78E2 /* View */,
				BCB5B280279C0F4A007B78E2 /* Controller */,
				BCB5B27F279C0F34007B78E2 /* KidInformation */,
			);
			path = KidStateEditing;
			sourceTree = "<group>";
		};
		BCB5B27E279C0E98007B78E2 /* PickUpEvent */ = {
			isa = PBXGroup;
			children = (
				BCB5B289279C1022007B78E2 /* Model */,
				BCB5B288279C101E007B78E2 /* View */,
				BCB5B287279C1019007B78E2 /* Controller */,
				BCB5B286279C0FF7007B78E2 /* PickUpEventChecking */,
			);
			path = PickUpEvent;
			sourceTree = "<group>";
		};
		BCB5B27F279C0F34007B78E2 /* KidInformation */ = {
			isa = PBXGroup;
			children = (
			);
			path = KidInformation;
			sourceTree = "<group>";
		};
		BCB5B280279C0F4A007B78E2 /* Controller */ = {
			isa = PBXGroup;
			children = (
				BCB5B283279C0FD3007B78E2 /* KidStateEditingViewController.h */,
				BCB5B284279C0FD3007B78E2 /* KidStateEditingViewController.m */,
			);
			path = Controller;
			sourceTree = "<group>";
		};
		BCB5B281279C0F4E007B78E2 /* View */ = {
			isa = PBXGroup;
			children = (
			);
			path = View;
			sourceTree = "<group>";
		};
		BCB5B282279C0F53007B78E2 /* Model */ = {
			isa = PBXGroup;
			children = (
			);
			path = Model;
			sourceTree = "<group>";
		};
		BCB5B286279C0FF7007B78E2 /* PickUpEventChecking */ = {
			isa = PBXGroup;
			children = (
			);
			path = PickUpEventChecking;
			sourceTree = "<group>";
		};
		BCB5B287279C1019007B78E2 /* Controller */ = {
			isa = PBXGroup;
			children = (
				BCB5B290279C7F54007B78E2 /* EventConfirmViewController.h */,
				BCB5B291279C7F54007B78E2 /* EventConfirmViewController.m */,
			);
			path = Controller;
			sourceTree = "<group>";
		};
		BCB5B288279C101E007B78E2 /* View */ = {
			isa = PBXGroup;
			children = (
			);
			path = View;
			sourceTree = "<group>";
		};
		BCB5B289279C1022007B78E2 /* Model */ = {
			isa = PBXGroup;
			children = (
			);
			path = Model;
			sourceTree = "<group>";
		};
		BCB5B28A279C7EC3007B78E2 /* Controller */ = {
			isa = PBXGroup;
			children = (
				BCB5B293279C7FCE007B78E2 /* SchoolInformationEditingViewController.h */,
				BCB5B294279C7FCE007B78E2 /* SchoolInformationEditingViewController.m */,
			);
			path = Controller;
			sourceTree = "<group>";
		};
		BCB5B28B279C7ECD007B78E2 /* View */ = {
			isa = PBXGroup;
			children = (
			);
			path = View;
			sourceTree = "<group>";
		};
		BCB5B28C279C7ED2007B78E2 /* Model */ = {
			isa = PBXGroup;
			children = (
			);
			path = Model;
			sourceTree = "<group>";
		};
		BCB5B28D279C7ED8007B78E2 /* Controller */ = {
			isa = PBXGroup;
			children = (
				BCB5B296279C7FE3007B78E2 /* TeacherSettingViewController.h */,
				BCB5B297279C7FE3007B78E2 /* TeacherSettingViewController.m */,
			);
			path = Controller;
			sourceTree = "<group>";
		};
		BCB5B28E279C7EED007B78E2 /* View */ = {
			isa = PBXGroup;
			children = (
			);
			path = View;
			sourceTree = "<group>";
		};
		BCB5B28F279C7EF2007B78E2 /* Model */ = {
			isa = PBXGroup;
			children = (
			);
			path = Model;
			sourceTree = "<group>";
		};
		BCB5B29A279C86AB007B78E2 /* Login */ = {
			isa = PBXGroup;
			children = (
			);
			path = Login;
			sourceTree = "<group>";
		};
		BCB5B29B279C86B3007B78E2 /* Picker */ = {
			isa = PBXGroup;
			children = (
				0446F55727B7EF4D00320478 /* fanhui111.png */,
				BC991A0E27AFAD8600473A8A /* pic10.jpg */,
				BC991A1427AFAD8F00473A8A /* pic1.jpg */,
				BC991A1027AFAD8F00473A8A /* pic2.jpg */,
				BC991A1327AFAD8F00473A8A /* pic3.jpg */,
				BC991A1127AFAD8F00473A8A /* pic4.jpg */,
				BC991A1227AFAD8F00473A8A /* pic5.jpg */,
				BC991A1B27AFAD9500473A8A /* arrow-right.png */,
				BC991A1D27AFAD9500473A8A /* laba.png */,
				BC991A1C27AFAD9500473A8A /* shouqi.png */,
				BC991A1A27AFAD9500473A8A /* zhankai.png */,
			);
			path = Picker;
			sourceTree = "<group>";
		};
		BCB5B29C279C86B8007B78E2 /* Parent */ = {
			isa = PBXGroup;
			children = (
			);
			path = Parent;
			sourceTree = "<group>";
		};
		BCB5B29D279C86BC007B78E2 /* Teacher */ = {
			isa = PBXGroup;
			children = (
			);
			path = Teacher;
			sourceTree = "<group>";
		};
/* End PBXGroup section */

/* Begin PBXNativeTarget section */
		04315E70277F53B200C52338 /* PUK */ = {
			isa = PBXNativeTarget;
			buildConfigurationList = 04315EA0277F53B700C52338 /* Build configuration list for PBXNativeTarget "PUK" */;
			buildPhases = (
				EA0A3102340FD6997F791C31 /* [CP] Check Pods Manifest.lock */,
				04315E6D277F53B200C52338 /* Sources */,
				04315E6E277F53B200C52338 /* Frameworks */,
				04315E6F277F53B200C52338 /* Resources */,
				CEBA0ECA097DF422E2C39319 /* [CP] Copy Pods Resources */,
			);
			buildRules = (
			);
			dependencies = (
			);
			name = PUK;
			productName = PUK;
			productReference = 04315E71277F53B200C52338 /* PUK.app */;
			productType = "com.apple.product-type.application";
		};
		04315E8B277F53B700C52338 /* PUKTests */ = {
			isa = PBXNativeTarget;
			buildConfigurationList = 04315EA3277F53B700C52338 /* Build configuration list for PBXNativeTarget "PUKTests" */;
			buildPhases = (
				04315E88277F53B700C52338 /* Sources */,
				04315E89277F53B700C52338 /* Frameworks */,
				04315E8A277F53B700C52338 /* Resources */,
			);
			buildRules = (
			);
			dependencies = (
				04315E8E277F53B700C52338 /* PBXTargetDependency */,
			);
			name = PUKTests;
			productName = PUKTests;
			productReference = 04315E8C277F53B700C52338 /* PUKTests.xctest */;
			productType = "com.apple.product-type.bundle.unit-test";
		};
		04315E96277F53B700C52338 /* PUKUITests */ = {
			isa = PBXNativeTarget;
			buildConfigurationList = 04315EA6277F53B700C52338 /* Build configuration list for PBXNativeTarget "PUKUITests" */;
			buildPhases = (
				04315E93277F53B700C52338 /* Sources */,
				04315E94277F53B700C52338 /* Frameworks */,
				04315E95277F53B700C52338 /* Resources */,
			);
			buildRules = (
			);
			dependencies = (
				04315E99277F53B700C52338 /* PBXTargetDependency */,
			);
			name = PUKUITests;
			productName = PUKUITests;
			productReference = 04315E97277F53B700C52338 /* PUKUITests.xctest */;
			productType = "com.apple.product-type.bundle.ui-testing";
		};
/* End PBXNativeTarget section */

/* Begin PBXProject section */
		04315E69277F53B200C52338 /* Project object */ = {
			isa = PBXProject;
			attributes = {
				LastUpgradeCheck = 1240;
				TargetAttributes = {
					04315E70277F53B200C52338 = {
						CreatedOnToolsVersion = 12.4;
					};
					04315E8B277F53B700C52338 = {
						CreatedOnToolsVersion = 12.4;
						TestTargetID = 04315E70277F53B200C52338;
					};
					04315E96277F53B700C52338 = {
						CreatedOnToolsVersion = 12.4;
						TestTargetID = 04315E70277F53B200C52338;
					};
				};
			};
			buildConfigurationList = 04315E6C277F53B200C52338 /* Build configuration list for PBXProject "PUK" */;
			compatibilityVersion = "Xcode 9.3";
			developmentRegion = en;
			hasScannedForEncodings = 0;
			knownRegions = (
				en,
				Base,
			);
			mainGroup = 04315E68277F53B200C52338;
			productRefGroup = 04315E72277F53B200C52338 /* Products */;
			projectDirPath = "";
			projectRoot = "";
			targets = (
				04315E70277F53B200C52338 /* PUK */,
				04315E8B277F53B700C52338 /* PUKTests */,
				04315E96277F53B700C52338 /* PUKUITests */,
			);
		};
/* End PBXProject section */

/* Begin PBXResourcesBuildPhase section */
		04315E6F277F53B200C52338 /* Resources */ = {
			isa = PBXResourcesBuildPhase;
			buildActionMask = 2147483647;
			files = (
				BC991A1727AFAD8F00473A8A /* pic5.jpg in Resources */,
				BC991A1827AFAD8F00473A8A /* pic3.jpg in Resources */,
				BC991A2027AFAD9500473A8A /* shouqi.png in Resources */,
				BC991A1527AFAD8F00473A8A /* pic2.jpg in Resources */,
				BC991A1927AFAD8F00473A8A /* pic1.jpg in Resources */,
				BC991A1F27AFAD9500473A8A /* arrow-right.png in Resources */,
				0446F55827B7EF4D00320478 /* fanhui111.png in Resources */,
				BC991A2127AFAD9500473A8A /* laba.png in Resources */,
				BC991A1627AFAD8F00473A8A /* pic4.jpg in Resources */,
				04315E84277F53B600C52338 /* LaunchScreen.storyboard in Resources */,
				BC991A0F27AFAD8700473A8A /* pic10.jpg in Resources */,
				04315E81277F53B600C52338 /* Assets.xcassets in Resources */,
				BC991A1E27AFAD9500473A8A /* zhankai.png in Resources */,
				04315E7F277F53B200C52338 /* Main.storyboard in Resources */,
			);
			runOnlyForDeploymentPostprocessing = 0;
		};
		04315E8A277F53B700C52338 /* Resources */ = {
			isa = PBXResourcesBuildPhase;
			buildActionMask = 2147483647;
			files = (
			);
			runOnlyForDeploymentPostprocessing = 0;
		};
		04315E95277F53B700C52338 /* Resources */ = {
			isa = PBXResourcesBuildPhase;
			buildActionMask = 2147483647;
			files = (
			);
			runOnlyForDeploymentPostprocessing = 0;
		};
/* End PBXResourcesBuildPhase section */

/* Begin PBXShellScriptBuildPhase section */
		CEBA0ECA097DF422E2C39319 /* [CP] Copy Pods Resources */ = {
			isa = PBXShellScriptBuildPhase;
			buildActionMask = 2147483647;
			files = (
			);
			inputFileListPaths = (
				"${PODS_ROOT}/Target Support Files/Pods-PUK/Pods-PUK-resources-${CONFIGURATION}-input-files.xcfilelist",
			);
			name = "[CP] Copy Pods Resources";
			outputFileListPaths = (
				"${PODS_ROOT}/Target Support Files/Pods-PUK/Pods-PUK-resources-${CONFIGURATION}-output-files.xcfilelist",
			);
			runOnlyForDeploymentPostprocessing = 0;
			shellPath = /bin/sh;
			shellScript = "\"${PODS_ROOT}/Target Support Files/Pods-PUK/Pods-PUK-resources.sh\"\n";
			showEnvVarsInLog = 0;
		};
		EA0A3102340FD6997F791C31 /* [CP] Check Pods Manifest.lock */ = {
			isa = PBXShellScriptBuildPhase;
			buildActionMask = 2147483647;
			files = (
			);
			inputFileListPaths = (
			);
			inputPaths = (
				"${PODS_PODFILE_DIR_PATH}/Podfile.lock",
				"${PODS_ROOT}/Manifest.lock",
			);
			name = "[CP] Check Pods Manifest.lock";
			outputFileListPaths = (
			);
			outputPaths = (
				"$(DERIVED_FILE_DIR)/Pods-PUK-checkManifestLockResult.txt",
			);
			runOnlyForDeploymentPostprocessing = 0;
			shellPath = /bin/sh;
			shellScript = "diff \"${PODS_PODFILE_DIR_PATH}/Podfile.lock\" \"${PODS_ROOT}/Manifest.lock\" > /dev/null\nif [ $? != 0 ] ; then\n    # print error to STDERR\n    echo \"error: The sandbox is not in sync with the Podfile.lock. Run 'pod install' or update your CocoaPods installation.\" >&2\n    exit 1\nfi\n# This output is used by Xcode 'outputs' to avoid re-running this script phase.\necho \"SUCCESS\" > \"${SCRIPT_OUTPUT_FILE_0}\"\n";
			showEnvVarsInLog = 0;
		};
/* End PBXShellScriptBuildPhase section */

/* Begin PBXSourcesBuildPhase section */
		04315E6D277F53B200C52338 /* Sources */ = {
			isa = PBXSourcesBuildPhase;
			buildActionMask = 2147483647;
			files = (
				BCB5B298279C7FE3007B78E2 /* TeacherSettingViewController.m in Sources */,
				BC9919FF27AC56E700473A8A /* ScanQRCodeViewController.m in Sources */,
				BCB5B238279BDBA1007B78E2 /* SignUpView.m in Sources */,
				BCB5B295279C7FCE007B78E2 /* SchoolInformationEditingViewController.m in Sources */,
				BCB5B249279BFAA0007B78E2 /* EventCheckingViewController.m in Sources */,
				BC9919F927AC479300473A8A /* SpecificEventViewController.m in Sources */,
				BC991A2A27AFB13F00473A8A /* SchoolInformationNewsTableViewCell.m in Sources */,
				BCB5B235279BDA1F007B78E2 /* SignInViewController.m in Sources */,
				BCB5B276279C06B0007B78E2 /* ParentSettingViewController.m in Sources */,
				BCB5B26A279C05B2007B78E2 /* EditingMenuViewController.m in Sources */,
				BCB5B24C279BFC08007B78E2 /* EventHandlingView.m in Sources */,
				BC991A0D27AFAA8000473A8A /* PickerNameTableViewCell.m in Sources */,
				BC991A2427AFB03000473A8A /* PickerSettingView.m in Sources */,
				BCB5B23B279BDDFD007B78E2 /* SignUpViewController.m in Sources */,
				BC991A0227AC623C00473A8A /* ConfirmNumericalCodeViewController.m in Sources */,
				04315E76277F53B200C52338 /* AppDelegate.m in Sources */,
				BCB5B263279C0556007B78E2 /* KidStateCheckingViewController.m in Sources */,
				BC9919FC27AC4C9700473A8A /* SpecificEventView.m in Sources */,
				BC991A0727AE3CF300473A8A /* BaseScanViewController.m in Sources */,
				04315E87277F53B600C52338 /* main.m in Sources */,
				BCB5B292279C7F54007B78E2 /* EventConfirmViewController.m in Sources */,
				BC991A0A27AE411900473A8A /* ScanQRCodeTool.m in Sources */,
				04315E79277F53B200C52338 /* SceneDelegate.m in Sources */,
				049AA4EF27988D0D00010AFB /* KidEmotionTableViewCell.m in Sources */,
				BCB5B270279C0674007B78E2 /* SchoolInformationViewController.m in Sources */,
				BCB5B254279C002C007B78E2 /* PickerSettingViewController.m in Sources */,
				049AA4E92795E53E00010AFB /* KidPhotoTableViewCell.m in Sources */,
				BCB5B243279BF9E5007B78E2 /* EventHandlingViewController.m in Sources */,
				BCB5B285279C0FD3007B78E2 /* KidStateEditingViewController.m in Sources */,
				BCB5B22C279BD948007B78E2 /* SignInView.m in Sources */,
				BC991A2727AFB0DA00473A8A /* SchoolInformationView.m in Sources */,
			);
			runOnlyForDeploymentPostprocessing = 0;
		};
		04315E88277F53B700C52338 /* Sources */ = {
			isa = PBXSourcesBuildPhase;
			buildActionMask = 2147483647;
			files = (
				04315E91277F53B700C52338 /* PUKTests.m in Sources */,
			);
			runOnlyForDeploymentPostprocessing = 0;
		};
		04315E93277F53B700C52338 /* Sources */ = {
			isa = PBXSourcesBuildPhase;
			buildActionMask = 2147483647;
			files = (
				04315E9C277F53B700C52338 /* PUKUITests.m in Sources */,
			);
			runOnlyForDeploymentPostprocessing = 0;
		};
/* End PBXSourcesBuildPhase section */

/* Begin PBXTargetDependency section */
		04315E8E277F53B700C52338 /* PBXTargetDependency */ = {
			isa = PBXTargetDependency;
			target = 04315E70277F53B200C52338 /* PUK */;
			targetProxy = 04315E8D277F53B700C52338 /* PBXContainerItemProxy */;
		};
		04315E99277F53B700C52338 /* PBXTargetDependency */ = {
			isa = PBXTargetDependency;
			target = 04315E70277F53B200C52338 /* PUK */;
			targetProxy = 04315E98277F53B700C52338 /* PBXContainerItemProxy */;
		};
/* End PBXTargetDependency section */

/* Begin PBXVariantGroup section */
		04315E7D277F53B200C52338 /* Main.storyboard */ = {
			isa = PBXVariantGroup;
			children = (
				04315E7E277F53B200C52338 /* Base */,
			);
			name = Main.storyboard;
			sourceTree = "<group>";
		};
		04315E82277F53B600C52338 /* LaunchScreen.storyboard */ = {
			isa = PBXVariantGroup;
			children = (
				04315E83277F53B600C52338 /* Base */,
			);
			name = LaunchScreen.storyboard;
			sourceTree = "<group>";
		};
/* End PBXVariantGroup section */

/* Begin XCBuildConfiguration section */
		04315E9E277F53B700C52338 /* Debug */ = {
			isa = XCBuildConfiguration;
			buildSettings = {
				ALWAYS_SEARCH_USER_PATHS = NO;
				CLANG_ANALYZER_NONNULL = YES;
				CLANG_ANALYZER_NUMBER_OBJECT_CONVERSION = YES_AGGRESSIVE;
				CLANG_CXX_LANGUAGE_STANDARD = "gnu++14";
				CLANG_CXX_LIBRARY = "libc++";
				CLANG_ENABLE_MODULES = YES;
				CLANG_ENABLE_OBJC_ARC = YES;
				CLANG_ENABLE_OBJC_WEAK = YES;
				CLANG_WARN_BLOCK_CAPTURE_AUTORELEASING = YES;
				CLANG_WARN_BOOL_CONVERSION = YES;
				CLANG_WARN_COMMA = YES;
				CLANG_WARN_CONSTANT_CONVERSION = YES;
				CLANG_WARN_DEPRECATED_OBJC_IMPLEMENTATIONS = YES;
				CLANG_WARN_DIRECT_OBJC_ISA_USAGE = YES_ERROR;
				CLANG_WARN_DOCUMENTATION_COMMENTS = YES;
				CLANG_WARN_EMPTY_BODY = YES;
				CLANG_WARN_ENUM_CONVERSION = YES;
				CLANG_WARN_INFINITE_RECURSION = YES;
				CLANG_WARN_INT_CONVERSION = YES;
				CLANG_WARN_NON_LITERAL_NULL_CONVERSION = YES;
				CLANG_WARN_OBJC_IMPLICIT_RETAIN_SELF = YES;
				CLANG_WARN_OBJC_LITERAL_CONVERSION = YES;
				CLANG_WARN_OBJC_ROOT_CLASS = YES_ERROR;
				CLANG_WARN_QUOTED_INCLUDE_IN_FRAMEWORK_HEADER = YES;
				CLANG_WARN_RANGE_LOOP_ANALYSIS = YES;
				CLANG_WARN_STRICT_PROTOTYPES = YES;
				CLANG_WARN_SUSPICIOUS_MOVE = YES;
				CLANG_WARN_UNGUARDED_AVAILABILITY = YES_AGGRESSIVE;
				CLANG_WARN_UNREACHABLE_CODE = YES;
				CLANG_WARN__DUPLICATE_METHOD_MATCH = YES;
				COPY_PHASE_STRIP = NO;
				DEBUG_INFORMATION_FORMAT = dwarf;
				ENABLE_STRICT_OBJC_MSGSEND = YES;
				ENABLE_TESTABILITY = YES;
				GCC_C_LANGUAGE_STANDARD = gnu11;
				GCC_DYNAMIC_NO_PIC = NO;
				GCC_NO_COMMON_BLOCKS = YES;
				GCC_OPTIMIZATION_LEVEL = 0;
				GCC_PREPROCESSOR_DEFINITIONS = (
					"DEBUG=1",
					"$(inherited)",
				);
				GCC_WARN_64_TO_32_BIT_CONVERSION = YES;
				GCC_WARN_ABOUT_RETURN_TYPE = YES_ERROR;
				GCC_WARN_UNDECLARED_SELECTOR = YES;
				GCC_WARN_UNINITIALIZED_AUTOS = YES_AGGRESSIVE;
				GCC_WARN_UNUSED_FUNCTION = YES;
				GCC_WARN_UNUSED_VARIABLE = YES;
				IPHONEOS_DEPLOYMENT_TARGET = 14.4;
				MTL_ENABLE_DEBUG_INFO = INCLUDE_SOURCE;
				MTL_FAST_MATH = YES;
				ONLY_ACTIVE_ARCH = YES;
				SDKROOT = iphoneos;
			};
			name = Debug;
		};
		04315E9F277F53B700C52338 /* Release */ = {
			isa = XCBuildConfiguration;
			buildSettings = {
				ALWAYS_SEARCH_USER_PATHS = NO;
				CLANG_ANALYZER_NONNULL = YES;
				CLANG_ANALYZER_NUMBER_OBJECT_CONVERSION = YES_AGGRESSIVE;
				CLANG_CXX_LANGUAGE_STANDARD = "gnu++14";
				CLANG_CXX_LIBRARY = "libc++";
				CLANG_ENABLE_MODULES = YES;
				CLANG_ENABLE_OBJC_ARC = YES;
				CLANG_ENABLE_OBJC_WEAK = YES;
				CLANG_WARN_BLOCK_CAPTURE_AUTORELEASING = YES;
				CLANG_WARN_BOOL_CONVERSION = YES;
				CLANG_WARN_COMMA = YES;
				CLANG_WARN_CONSTANT_CONVERSION = YES;
				CLANG_WARN_DEPRECATED_OBJC_IMPLEMENTATIONS = YES;
				CLANG_WARN_DIRECT_OBJC_ISA_USAGE = YES_ERROR;
				CLANG_WARN_DOCUMENTATION_COMMENTS = YES;
				CLANG_WARN_EMPTY_BODY = YES;
				CLANG_WARN_ENUM_CONVERSION = YES;
				CLANG_WARN_INFINITE_RECURSION = YES;
				CLANG_WARN_INT_CONVERSION = YES;
				CLANG_WARN_NON_LITERAL_NULL_CONVERSION = YES;
				CLANG_WARN_OBJC_IMPLICIT_RETAIN_SELF = YES;
				CLANG_WARN_OBJC_LITERAL_CONVERSION = YES;
				CLANG_WARN_OBJC_ROOT_CLASS = YES_ERROR;
				CLANG_WARN_QUOTED_INCLUDE_IN_FRAMEWORK_HEADER = YES;
				CLANG_WARN_RANGE_LOOP_ANALYSIS = YES;
				CLANG_WARN_STRICT_PROTOTYPES = YES;
				CLANG_WARN_SUSPICIOUS_MOVE = YES;
				CLANG_WARN_UNGUARDED_AVAILABILITY = YES_AGGRESSIVE;
				CLANG_WARN_UNREACHABLE_CODE = YES;
				CLANG_WARN__DUPLICATE_METHOD_MATCH = YES;
				COPY_PHASE_STRIP = NO;
				DEBUG_INFORMATION_FORMAT = "dwarf-with-dsym";
				ENABLE_NS_ASSERTIONS = NO;
				ENABLE_STRICT_OBJC_MSGSEND = YES;
				GCC_C_LANGUAGE_STANDARD = gnu11;
				GCC_NO_COMMON_BLOCKS = YES;
				GCC_WARN_64_TO_32_BIT_CONVERSION = YES;
				GCC_WARN_ABOUT_RETURN_TYPE = YES_ERROR;
				GCC_WARN_UNDECLARED_SELECTOR = YES;
				GCC_WARN_UNINITIALIZED_AUTOS = YES_AGGRESSIVE;
				GCC_WARN_UNUSED_FUNCTION = YES;
				GCC_WARN_UNUSED_VARIABLE = YES;
				IPHONEOS_DEPLOYMENT_TARGET = 14.4;
				MTL_ENABLE_DEBUG_INFO = NO;
				MTL_FAST_MATH = YES;
				ONLY_ACTIVE_ARCH = YES;
				SDKROOT = iphoneos;
				VALIDATE_PRODUCT = YES;
			};
			name = Release;
		};
		04315EA1277F53B700C52338 /* Debug */ = {
			isa = XCBuildConfiguration;
			baseConfigurationReference = 1B4C29C7948AD71EE9718D5B /* Pods-PUK.debug.xcconfig */;
			buildSettings = {
				ASSETCATALOG_COMPILER_APPICON_NAME = AppIcon;
				ASSETCATALOG_COMPILER_GLOBAL_ACCENT_COLOR_NAME = AccentColor;
				CODE_SIGN_STYLE = Automatic;
				DEVELOPMENT_TEAM = 79X9GJM4FD;
				EXCLUDED_ARCHS = "";
				INFOPLIST_FILE = PUK/Info.plist;
				IPHONEOS_DEPLOYMENT_TARGET = 14.1;
				LD_RUNPATH_SEARCH_PATHS = (
					"$(inherited)",
					"@executable_path/Frameworks",
				);
				ONLY_ACTIVE_ARCH = YES;
				PRODUCT_BUNDLE_IDENTIFIER = GGGGG.PUK;
				PRODUCT_NAME = "$(TARGET_NAME)";
				TARGETED_DEVICE_FAMILY = "1,2";
			};
			name = Debug;
		};
		04315EA2277F53B700C52338 /* Release */ = {
			isa = XCBuildConfiguration;
			baseConfigurationReference = ED84FFA4E8A4DCD3B7B93B83 /* Pods-PUK.release.xcconfig */;
			buildSettings = {
				ASSETCATALOG_COMPILER_APPICON_NAME = AppIcon;
				ASSETCATALOG_COMPILER_GLOBAL_ACCENT_COLOR_NAME = AccentColor;
				CODE_SIGN_STYLE = Automatic;
				DEVELOPMENT_TEAM = 79X9GJM4FD;
				EXCLUDED_ARCHS = "";
				INFOPLIST_FILE = PUK/Info.plist;
				IPHONEOS_DEPLOYMENT_TARGET = 14.1;
				LD_RUNPATH_SEARCH_PATHS = (
					"$(inherited)",
					"@executable_path/Frameworks",
				);
				ONLY_ACTIVE_ARCH = YES;
				PRODUCT_BUNDLE_IDENTIFIER = GGGGG.PUK;
				PRODUCT_NAME = "$(TARGET_NAME)";
				TARGETED_DEVICE_FAMILY = "1,2";
			};
			name = Release;
		};
		04315EA4277F53B700C52338 /* Debug */ = {
			isa = XCBuildConfiguration;
			buildSettings = {
				BUNDLE_LOADER = "$(TEST_HOST)";
				CODE_SIGN_STYLE = Automatic;
				DEVELOPMENT_TEAM = 79X9GJM4FD;
				INFOPLIST_FILE = PUKTests/Info.plist;
				IPHONEOS_DEPLOYMENT_TARGET = 14.4;
				LD_RUNPATH_SEARCH_PATHS = (
					"$(inherited)",
					"@executable_path/Frameworks",
					"@loader_path/Frameworks",
				);
				PRODUCT_BUNDLE_IDENTIFIER = GGGGGG.PUKTests;
				PRODUCT_NAME = "$(TARGET_NAME)";
				TARGETED_DEVICE_FAMILY = "1,2";
				TEST_HOST = "$(BUILT_PRODUCTS_DIR)/PUK.app/PUK";
			};
			name = Debug;
		};
		04315EA5277F53B700C52338 /* Release */ = {
			isa = XCBuildConfiguration;
			buildSettings = {
				BUNDLE_LOADER = "$(TEST_HOST)";
				CODE_SIGN_STYLE = Automatic;
				DEVELOPMENT_TEAM = 79X9GJM4FD;
				INFOPLIST_FILE = PUKTests/Info.plist;
				IPHONEOS_DEPLOYMENT_TARGET = 14.4;
				LD_RUNPATH_SEARCH_PATHS = (
					"$(inherited)",
					"@executable_path/Frameworks",
					"@loader_path/Frameworks",
				);
				PRODUCT_BUNDLE_IDENTIFIER = GGGGGG.PUKTests;
				PRODUCT_NAME = "$(TARGET_NAME)";
				TARGETED_DEVICE_FAMILY = "1,2";
				TEST_HOST = "$(BUILT_PRODUCTS_DIR)/PUK.app/PUK";
			};
			name = Release;
		};
		04315EA7277F53B700C52338 /* Debug */ = {
			isa = XCBuildConfiguration;
			buildSettings = {
				CODE_SIGN_STYLE = Automatic;
				DEVELOPMENT_TEAM = 6393BBMNNK;
				INFOPLIST_FILE = PUKUITests/Info.plist;
				LD_RUNPATH_SEARCH_PATHS = (
					"$(inherited)",
					"@executable_path/Frameworks",
					"@loader_path/Frameworks",
				);
				PRODUCT_BUNDLE_IDENTIFIER = GGGGGG.PUKUITests;
				PRODUCT_NAME = "$(TARGET_NAME)";
				TARGETED_DEVICE_FAMILY = "1,2";
				TEST_TARGET_NAME = PUK;
			};
			name = Debug;
		};
		04315EA8277F53B700C52338 /* Release */ = {
			isa = XCBuildConfiguration;
			buildSettings = {
				CODE_SIGN_STYLE = Automatic;
				DEVELOPMENT_TEAM = 6393BBMNNK;
				INFOPLIST_FILE = PUKUITests/Info.plist;
				LD_RUNPATH_SEARCH_PATHS = (
					"$(inherited)",
					"@executable_path/Frameworks",
					"@loader_path/Frameworks",
				);
				PRODUCT_BUNDLE_IDENTIFIER = GGGGGG.PUKUITests;
				PRODUCT_NAME = "$(TARGET_NAME)";
				TARGETED_DEVICE_FAMILY = "1,2";
				TEST_TARGET_NAME = PUK;
			};
			name = Release;
		};
/* End XCBuildConfiguration section */

/* Begin XCConfigurationList section */
		04315E6C277F53B200C52338 /* Build configuration list for PBXProject "PUK" */ = {
			isa = XCConfigurationList;
			buildConfigurations = (
				04315E9E277F53B700C52338 /* Debug */,
				04315E9F277F53B700C52338 /* Release */,
			);
			defaultConfigurationIsVisible = 0;
			defaultConfigurationName = Release;
		};
		04315EA0277F53B700C52338 /* Build configuration list for PBXNativeTarget "PUK" */ = {
			isa = XCConfigurationList;
			buildConfigurations = (
				04315EA1277F53B700C52338 /* Debug */,
				04315EA2277F53B700C52338 /* Release */,
			);
			defaultConfigurationIsVisible = 0;
			defaultConfigurationName = Release;
		};
		04315EA3277F53B700C52338 /* Build configuration list for PBXNativeTarget "PUKTests" */ = {
			isa = XCConfigurationList;
			buildConfigurations = (
				04315EA4277F53B700C52338 /* Debug */,
				04315EA5277F53B700C52338 /* Release */,
			);
			defaultConfigurationIsVisible = 0;
			defaultConfigurationName = Release;
		};
		04315EA6277F53B700C52338 /* Build configuration list for PBXNativeTarget "PUKUITests" */ = {
			isa = XCConfigurationList;
			buildConfigurations = (
				04315EA7277F53B700C52338 /* Debug */,
				04315EA8277F53B700C52338 /* Release */,
			);
			defaultConfigurationIsVisible = 0;
			defaultConfigurationName = Release;
		};
/* End XCConfigurationList section */
	};
	rootObject = 04315E69277F53B200C52338 /* Project object */;
}
